
Microsoft Visual Studio Solution File, Format Version 12.00
# Visual Studio Version 17
VisualStudioVersion = 17.4.33213.308
MinimumVisualStudioVersion = 10.0.40219.1
Project("{FAE04EC0-301F-11D3-BF4B-00C04F79EFBC}") = "IdentityApplication", "IdentityApplication.csproj", "{B503093E-AD6A-43F9-9EC9-36E649046C0F}"
EndProject
Global
	GlobalSection(SolutionConfigurationPlatforms) = preSolution
		Debug|Any CPU = Debug|Any CPU
		Release|Any CPU = Release|Any CPU
	EndGlobalSection
	GlobalSection(ProjectConfigurationPlatforms) = postSolution
		{B503093E-AD6A-43F9-9EC9-36E649046C0F}.Debug|Any CPU.ActiveCfg = Debug|Any CPU
		{B503093E-AD6A-43F9-9EC9-36E649046C0F}.Debug|Any CPU.Build.0 = Debug|Any CPU
		{B503093E-AD6A-43F9-9EC9-36E649046C0F}.Release|Any CPU.ActiveCfg = Release|Any CPU
		{B503093E-AD6A-43F9-9EC9-36E649046C0F}.Release|Any CPU.Build.0 = Release|Any CPU
	EndGlobalSection
	GlobalSection(SolutionProperties) = preSolution
		HideSolutionNode = FALSE
	EndGlobalSection
	GlobalSection(ExtensibilityGlobals) = postSolution
		SolutionGuid = {1A60F7FD-735E-4263-B436-2DEDCCF83B5E}
	EndGlobalSection
EndGlobal
